
Microsoft Visual Studio Solution File, Format Version 12.00
# Visual Studio Version 16
VisualStudioVersion = 16.0.34031.81
MinimumVisualStudioVersion = 10.0.40219.1
Project("{FAE04EC0-301F-11D3-BF4B-00C04F79EFBC}") = "math", "math.csproj", "{075F8B62-ECC1-4764-936E-C94607233667}"
EndProject
Global
	GlobalSection(SolutionConfigurationPlatforms) = preSolution
		Debug|Any CPU = Debug|Any CPU
		Release|Any CPU = Release|Any CPU
	EndGlobalSection
	GlobalSection(ProjectConfigurationPlatforms) = postSolution
		{075F8B62-ECC1-4764-936E-C94607233667}.Debug|Any CPU.ActiveCfg = Debug|Any CPU
		{075F8B62-ECC1-4764-936E-C94607233667}.Debug|Any CPU.Build.0 = Debug|Any CPU
		{075F8B62-ECC1-4764-936E-C94607233667}.Release|Any CPU.ActiveCfg = Release|Any CPU
		{075F8B62-ECC1-4764-936E-C94607233667}.Release|Any CPU.Build.0 = Release|Any CPU
	EndGlobalSection
	GlobalSection(SolutionProperties) = preSolution
		HideSolutionNode = FALSE
	EndGlobalSection
	GlobalSection(ExtensibilityGlobals) = postSolution
		SolutionGuid = {E8715877-4EF8-486D-8252-69AD98503B6F}
	EndGlobalSection
EndGlobal
